// !$*UTF8*$!
{
	archiveVersion = 1;
	classes = {
	};
	objectVersion = 46;
	objects = {

/* Begin PBXBuildFile section */
		2157FAF21794D2DF0004E3BE /* UIKit.framework in Frameworks */ = {isa = PBXBuildFile; fileRef = 2157FAF11794D2DF0004E3BE /* UIKit.framework */; };
		2157FAF41794D2DF0004E3BE /* Foundation.framework in Frameworks */ = {isa = PBXBuildFile; fileRef = 2157FAF31794D2DF0004E3BE /* Foundation.framework */; };
		2157FAF61794D2DF0004E3BE /* CoreGraphics.framework in Frameworks */ = {isa = PBXBuildFile; fileRef = 2157FAF51794D2DF0004E3BE /* CoreGraphics.framework */; };
		2157FB101794D2DF0004E3BE /* SenTestingKit.framework in Frameworks */ = {isa = PBXBuildFile; fileRef = 2157FB0F1794D2DF0004E3BE /* SenTestingKit.framework */; };
		2157FB111794D2DF0004E3BE /* UIKit.framework in Frameworks */ = {isa = PBXBuildFile; fileRef = 2157FAF11794D2DF0004E3BE /* UIKit.framework */; };
		2157FB121794D2DF0004E3BE /* Foundation.framework in Frameworks */ = {isa = PBXBuildFile; fileRef = 2157FAF31794D2DF0004E3BE /* Foundation.framework */; };
		2157FB3B1794D3AC0004E3BE /* SAMRateLimit.m in Sources */ = {isa = PBXBuildFile; fileRef = 2157FB3A1794D3AC0004E3BE /* SAMRateLimit.m */; };
		2157FB3C1794D3AC0004E3BE /* SAMRateLimit.m in Sources */ = {isa = PBXBuildFile; fileRef = 2157FB3A1794D3AC0004E3BE /* SAMRateLimit.m */; };
		2157FB491794D3B40004E3BE /* SAMAppDelegate.m in Sources */ = {isa = PBXBuildFile; fileRef = 2157FB401794D3B40004E3BE /* SAMAppDelegate.m */; };
		2157FB4A1794D3B40004E3BE /* main.m in Sources */ = {isa = PBXBuildFile; fileRef = 2157FB421794D3B40004E3BE /* main.m */; };
		2157FB4B1794D3B40004E3BE /* Default-568h@2x.png in Resources */ = {isa = PBXBuildFile; fileRef = 2157FB451794D3B40004E3BE /* Default-568h@2x.png */; };
		2157FB531794D3BA0004E3BE /* SAMRateLimitTests-Info.plist in Resources */ = {isa = PBXBuildFile; fileRef = 2157FB501794D3BA0004E3BE /* SAMRateLimitTests-Info.plist */; };
		2157FB541794D3BA0004E3BE /* SAMRateLimitTests.m in Sources */ = {isa = PBXBuildFile; fileRef = 2157FB521794D3BA0004E3BE /* SAMRateLimitTests.m */; };
		2157FB5B1794D9F70004E3BE /* SAMExampleViewController.m in Sources */ = {isa = PBXBuildFile; fileRef = 2157FB5A1794D9F70004E3BE /* SAMExampleViewController.m */; };
/* End PBXBuildFile section */

/* Begin PBXContainerItemProxy section */
		2157FB131794D2DF0004E3BE /* PBXContainerItemProxy */ = {
			isa = PBXContainerItemProxy;
			containerPortal = 2157FAE61794D2DF0004E3BE /* Project object */;
			proxyType = 1;
			remoteGlobalIDString = 2157FAED1794D2DF0004E3BE;
			remoteInfo = SAMRateLimit;
		};
/* End PBXContainerItemProxy section */

/* Begin PBXFileReference section */
		2157FAEE1794D2DF0004E3BE /* SAMRateLimit.app */ = {isa = PBXFileReference; explicitFileType = wrapper.application; includeInIndex = 0; path = SAMRateLimit.app; sourceTree = BUILT_PRODUCTS_DIR; };
		2157FAF11794D2DF0004E3BE /* UIKit.framework */ = {isa = PBXFileReference; lastKnownFileType = wrapper.framework; name = UIKit.framework; path = System/Library/Frameworks/UIKit.framework; sourceTree = SDKROOT; };
		2157FAF31794D2DF0004E3BE /* Foundation.framework */ = {isa = PBXFileReference; lastKnownFileType = wrapper.framework; name = Foundation.framework; path = System/Library/Frameworks/Foundation.framework; sourceTree = SDKROOT; };
		2157FAF51794D2DF0004E3BE /* CoreGraphics.framework */ = {isa = PBXFileReference; lastKnownFileType = wrapper.framework; name = CoreGraphics.framework; path = System/Library/Frameworks/CoreGraphics.framework; sourceTree = SDKROOT; };
		2157FB0E1794D2DF0004E3BE /* SAMRateLimitTests.octest */ = {isa = PBXFileReference; explicitFileType = wrapper.cfbundle; includeInIndex = 0; path = SAMRateLimitTests.octest; sourceTree = BUILT_PRODUCTS_DIR; };
		2157FB0F1794D2DF0004E3BE /* SenTestingKit.framework */ = {isa = PBXFileReference; lastKnownFileType = wrapper.framework; name = SenTestingKit.framework; path = Library/Frameworks/SenTestingKit.framework; sourceTree = DEVELOPER_DIR; };
		2157FB391794D3AC0004E3BE /* SAMRateLimit.h */ = {isa = PBXFileReference; fileEncoding = 4; lastKnownFileType = sourcecode.c.h; path = SAMRateLimit.h; sourceTree = "<group>"; };
		2157FB3A1794D3AC0004E3BE /* SAMRateLimit.m */ = {isa = PBXFileReference; fileEncoding = 4; lastKnownFileType = sourcecode.c.objc; path = SAMRateLimit.m; sourceTree = "<group>"; };
		2157FB3F1794D3B40004E3BE /* SAMAppDelegate.h */ = {isa = PBXFileReference; fileEncoding = 4; lastKnownFileType = sourcecode.c.h; path = SAMAppDelegate.h; sourceTree = "<group>"; };
		2157FB401794D3B40004E3BE /* SAMAppDelegate.m */ = {isa = PBXFileReference; fileEncoding = 4; lastKnownFileType = sourcecode.c.objc; path = SAMAppDelegate.m; sourceTree = "<group>"; };
		2157FB421794D3B40004E3BE /* main.m */ = {isa = PBXFileReference; fileEncoding = 4; lastKnownFileType = sourcecode.c.objc; path = main.m; sourceTree = "<group>"; };
		2157FB431794D3B40004E3BE /* SAMRateLimit-Prefix.pch */ = {isa = PBXFileReference; fileEncoding = 4; lastKnownFileType = sourcecode.c.h; path = "SAMRateLimit-Prefix.pch"; sourceTree = "<group>"; };
		2157FB451794D3B40004E3BE /* Default-568h@2x.png */ = {isa = PBXFileReference; lastKnownFileType = image.png; path = "Default-568h@2x.png"; sourceTree = "<group>"; };
		2157FB481794D3B40004E3BE /* SAMRateLimit-Info.plist */ = {isa = PBXFileReference; fileEncoding = 4; lastKnownFileType = text.plist.xml; path = "SAMRateLimit-Info.plist"; sourceTree = "<group>"; };
		2157FB501794D3BA0004E3BE /* SAMRateLimitTests-Info.plist */ = {isa = PBXFileReference; fileEncoding = 4; lastKnownFileType = text.plist.xml; path = "SAMRateLimitTests-Info.plist"; sourceTree = "<group>"; };
		2157FB511794D3BA0004E3BE /* SAMRateLimitTests.h */ = {isa = PBXFileReference; fileEncoding = 4; lastKnownFileType = sourcecode.c.h; path = SAMRateLimitTests.h; sourceTree = "<group>"; };
		2157FB521794D3BA0004E3BE /* SAMRateLimitTests.m */ = {isa = PBXFileReference; fileEncoding = 4; lastKnownFileType = sourcecode.c.objc; path = SAMRateLimitTests.m; sourceTree = "<group>"; };
		2157FB591794D9F70004E3BE /* SAMExampleViewController.h */ = {isa = PBXFileReference; fileEncoding = 4; lastKnownFileType = sourcecode.c.h; path = SAMExampleViewController.h; sourceTree = "<group>"; };
		2157FB5A1794D9F70004E3BE /* SAMExampleViewController.m */ = {isa = PBXFileReference; fileEncoding = 4; lastKnownFileType = sourcecode.c.objc; path = SAMExampleViewController.m; sourceTree = "<group>"; };
/* End PBXFileReference section */

/* Begin PBXFrameworksBuildPhase section */
		2157FAEB1794D2DF0004E3BE /* Frameworks */ = {
			isa = PBXFrameworksBuildPhase;
			buildActionMask = 2147483647;
			files = (
				2157FAF21794D2DF0004E3BE /* UIKit.framework in Frameworks */,
				2157FAF41794D2DF0004E3BE /* Foundation.framework in Frameworks */,
				2157FAF61794D2DF0004E3BE /* CoreGraphics.framework in Frameworks */,
			);
			runOnlyForDeploymentPostprocessing = 0;
		};
		2157FB0A1794D2DF0004E3BE /* Frameworks */ = {
			isa = PBXFrameworksBuildPhase;
			buildActionMask = 2147483647;
			files = (
				2157FB101794D2DF0004E3BE /* SenTestingKit.framework in Frameworks */,
				2157FB111794D2DF0004E3BE /* UIKit.framework in Frameworks */,
				2157FB121794D2DF0004E3BE /* Foundation.framework in Frameworks */,
			);
			runOnlyForDeploymentPostprocessing = 0;
		};
/* End PBXFrameworksBuildPhase section */

/* Begin PBXGroup section */
		2157FAE51794D2DF0004E3BE = {
			isa = PBXGroup;
			children = (
				2157FB381794D3AC0004E3BE /* SAMRateLimit */,
				2157FB3D1794D3B40004E3BE /* Example */,
				2157FB4F1794D3BA0004E3BE /* Tests */,
				2157FAF01794D2DF0004E3BE /* Frameworks */,
				2157FAEF1794D2DF0004E3BE /* Products */,
			);
			sourceTree = "<group>";
		};
		2157FAEF1794D2DF0004E3BE /* Products */ = {
			isa = PBXGroup;
			children = (
				2157FAEE1794D2DF0004E3BE /* SAMRateLimit.app */,
				2157FB0E1794D2DF0004E3BE /* SAMRateLimitTests.octest */,
			);
			name = Products;
			sourceTree = "<group>";
		};
		2157FAF01794D2DF0004E3BE /* Frameworks */ = {
			isa = PBXGroup;
			children = (
				2157FAF11794D2DF0004E3BE /* UIKit.framework */,
				2157FAF31794D2DF0004E3BE /* Foundation.framework */,
				2157FAF51794D2DF0004E3BE /* CoreGraphics.framework */,
				2157FB0F1794D2DF0004E3BE /* SenTestingKit.framework */,
			);
			name = Frameworks;
			sourceTree = "<group>";
		};
		2157FB381794D3AC0004E3BE /* SAMRateLimit */ = {
			isa = PBXGroup;
			children = (
				2157FB391794D3AC0004E3BE /* SAMRateLimit.h */,
				2157FB3A1794D3AC0004E3BE /* SAMRateLimit.m */,
			);
			path = SAMRateLimit;
			sourceTree = "<group>";
		};
		2157FB3D1794D3B40004E3BE /* Example */ = {
			isa = PBXGroup;
			children = (
				2157FB3E1794D3B40004E3BE /* Classes */,
				2157FB411794D3B40004E3BE /* Other Sources */,
				2157FB441794D3B40004E3BE /* Resources */,
			);
			path = Example;
			sourceTree = "<group>";
		};
		2157FB3E1794D3B40004E3BE /* Classes */ = {
			isa = PBXGroup;
			children = (
				2157FB3F1794D3B40004E3BE /* SAMAppDelegate.h */,
				2157FB401794D3B40004E3BE /* SAMAppDelegate.m */,
				2157FB591794D9F70004E3BE /* SAMExampleViewController.h */,
				2157FB5A1794D9F70004E3BE /* SAMExampleViewController.m */,
			);
			path = Classes;
			sourceTree = "<group>";
		};
		2157FB411794D3B40004E3BE /* Other Sources */ = {
			isa = PBXGroup;
			children = (
				2157FB421794D3B40004E3BE /* main.m */,
				2157FB431794D3B40004E3BE /* SAMRateLimit-Prefix.pch */,
			);
			path = "Other Sources";
			sourceTree = "<group>";
		};
		2157FB441794D3B40004E3BE /* Resources */ = {
			isa = PBXGroup;
			children = (
				2157FB451794D3B40004E3BE /* Default-568h@2x.png */,
				2157FB481794D3B40004E3BE /* SAMRateLimit-Info.plist */,
			);
			path = Resources;
			sourceTree = "<group>";
		};
		2157FB4F1794D3BA0004E3BE /* Tests */ = {
			isa = PBXGroup;
			children = (
				2157FB501794D3BA0004E3BE /* SAMRateLimitTests-Info.plist */,
				2157FB511794D3BA0004E3BE /* SAMRateLimitTests.h */,
				2157FB521794D3BA0004E3BE /* SAMRateLimitTests.m */,
			);
			path = Tests;
			sourceTree = "<group>";
		};
/* End PBXGroup section */

/* Begin PBXNativeTarget section */
		2157FAED1794D2DF0004E3BE /* SAMRateLimit */ = {
			isa = PBXNativeTarget;
			buildConfigurationList = 2157FB201794D2E00004E3BE /* Build configuration list for PBXNativeTarget "SAMRateLimit" */;
			buildPhases = (
				2157FAEA1794D2DF0004E3BE /* Sources */,
				2157FAEB1794D2DF0004E3BE /* Frameworks */,
				2157FAEC1794D2DF0004E3BE /* Resources */,
			);
			buildRules = (
			);
			dependencies = (
			);
			name = SAMRateLimit;
			productName = SAMRateLimit;
			productReference = 2157FAEE1794D2DF0004E3BE /* SAMRateLimit.app */;
			productType = "com.apple.product-type.application";
		};
		2157FB0D1794D2DF0004E3BE /* SAMRateLimitTests */ = {
			isa = PBXNativeTarget;
			buildConfigurationList = 2157FB231794D2E00004E3BE /* Build configuration list for PBXNativeTarget "SAMRateLimitTests" */;
			buildPhases = (
				2157FB091794D2DF0004E3BE /* Sources */,
				2157FB0A1794D2DF0004E3BE /* Frameworks */,
				2157FB0B1794D2DF0004E3BE /* Resources */,
				2157FB0C1794D2DF0004E3BE /* ShellScript */,
			);
			buildRules = (
			);
			dependencies = (
				2157FB141794D2DF0004E3BE /* PBXTargetDependency */,
			);
			name = SAMRateLimitTests;
			productName = SAMRateLimitTests;
			productReference = 2157FB0E1794D2DF0004E3BE /* SAMRateLimitTests.octest */;
			productType = "com.apple.product-type.bundle";
		};
/* End PBXNativeTarget section */

/* Begin PBXProject section */
		2157FAE61794D2DF0004E3BE /* Project object */ = {
			isa = PBXProject;
			attributes = {
				CLASSPREFIX = SAM;
				LastUpgradeCheck = 0460;
				ORGANIZATIONNAME = "Sam Soffes";
			};
			buildConfigurationList = 2157FAE91794D2DF0004E3BE /* Build configuration list for PBXProject "SAMRateLimit" */;
			compatibilityVersion = "Xcode 3.2";
			developmentRegion = English;
			hasScannedForEncodings = 0;
			knownRegions = (
				en,
			);
			mainGroup = 2157FAE51794D2DF0004E3BE;
			productRefGroup = 2157FAEF1794D2DF0004E3BE /* Products */;
			projectDirPath = "";
			projectRoot = "";
			targets = (
				2157FAED1794D2DF0004E3BE /* SAMRateLimit */,
				2157FB0D1794D2DF0004E3BE /* SAMRateLimitTests */,
			);
		};
/* End PBXProject section */

/* Begin PBXResourcesBuildPhase section */
		2157FAEC1794D2DF0004E3BE /* Resources */ = {
			isa = PBXResourcesBuildPhase;
			buildActionMask = 2147483647;
			files = (
				2157FB4B1794D3B40004E3BE /* Default-568h@2x.png in Resources */,
			);
			runOnlyForDeploymentPostprocessing = 0;
		};
		2157FB0B1794D2DF0004E3BE /* Resources */ = {
			isa = PBXResourcesBuildPhase;
			buildActionMask = 2147483647;
			files = (
				2157FB531794D3BA0004E3BE /* SAMRateLimitTests-Info.plist in Resources */,
			);
			runOnlyForDeploymentPostprocessing = 0;
		};
/* End PBXResourcesBuildPhase section */

/* Begin PBXShellScriptBuildPhase section */
		2157FB0C1794D2DF0004E3BE /* ShellScript */ = {
			isa = PBXShellScriptBuildPhase;
			buildActionMask = 2147483647;
			files = (
			);
			inputPaths = (
			);
			outputPaths = (
			);
			runOnlyForDeploymentPostprocessing = 0;
			shellPath = /bin/sh;
			shellScript = "# Run the unit tests in this test bundle.\n\"${SYSTEM_DEVELOPER_DIR}/Tools/RunUnitTests\"\n";
		};
/* End PBXShellScriptBuildPhase section */

/* Begin PBXSourcesBuildPhase section */
		2157FAEA1794D2DF0004E3BE /* Sources */ = {
			isa = PBXSourcesBuildPhase;
			buildActionMask = 2147483647;
			files = (
				2157FB3B1794D3AC0004E3BE /* SAMRateLimit.m in Sources */,
				2157FB491794D3B40004E3BE /* SAMAppDelegate.m in Sources */,
				2157FB4A1794D3B40004E3BE /* main.m in Sources */,
				2157FB5B1794D9F70004E3BE /* SAMExampleViewController.m in Sources */,
			);
			runOnlyForDeploymentPostprocessing = 0;
		};
		2157FB091794D2DF0004E3BE /* Sources */ = {
			isa = PBXSourcesBuildPhase;
			buildActionMask = 2147483647;
			files = (
				2157FB3C1794D3AC0004E3BE /* SAMRateLimit.m in Sources */,
				2157FB541794D3BA0004E3BE /* SAMRateLimitTests.m in Sources */,
			);
			runOnlyForDeploymentPostprocessing = 0;
		};
/* End PBXSourcesBuildPhase section */

/* Begin PBXTargetDependency section */
		2157FB141794D2DF0004E3BE /* PBXTargetDependency */ = {
			isa = PBXTargetDependency;
			target = 2157FAED1794D2DF0004E3BE /* SAMRateLimit */;
			targetProxy = 2157FB131794D2DF0004E3BE /* PBXContainerItemProxy */;
		};
/* End PBXTargetDependency section */

/* Begin XCBuildConfiguration section */
		2157FB1E1794D2E00004E3BE /* Debug */ = {
			isa = XCBuildConfiguration;
			buildSettings = {
				ALWAYS_SEARCH_USER_PATHS = NO;
				CLANG_CXX_LANGUAGE_STANDARD = "gnu++0x";
				CLANG_CXX_LIBRARY = "libc++";
				CLANG_ENABLE_OBJC_ARC = YES;
				CLANG_WARN_CONSTANT_CONVERSION = YES;
				CLANG_WARN_EMPTY_BODY = YES;
				CLANG_WARN_ENUM_CONVERSION = YES;
				CLANG_WARN_INT_CONVERSION = YES;
				CLANG_WARN__DUPLICATE_METHOD_MATCH = YES;
				"CODE_SIGN_IDENTITY[sdk=iphoneos*]" = "iPhone Developer";
				COPY_PHASE_STRIP = NO;
				GCC_C_LANGUAGE_STANDARD = gnu99;
				GCC_DYNAMIC_NO_PIC = NO;
				GCC_OPTIMIZATION_LEVEL = 0;
				GCC_PREPROCESSOR_DEFINITIONS = (
					"DEBUG=1",
					"$(inherited)",
				);
				GCC_SYMBOLS_PRIVATE_EXTERN = NO;
				GCC_WARN_ABOUT_RETURN_TYPE = YES;
				GCC_WARN_UNINITIALIZED_AUTOS = YES;
				GCC_WARN_UNUSED_VARIABLE = YES;
				IPHONEOS_DEPLOYMENT_TARGET = 6.0;
				ONLY_ACTIVE_ARCH = YES;
				SDKROOT = iphoneos;
				TARGETED_DEVICE_FAMILY = "1,2";
				WARNING_CFLAGS = "-Weverything";
			};
			name = Debug;
		};
		2157FB1F1794D2E00004E3BE /* Release */ = {
			isa = XCBuildConfiguration;
			buildSettings = {
				ALWAYS_SEARCH_USER_PATHS = NO;
				CLANG_CXX_LANGUAGE_STANDARD = "gnu++0x";
				CLANG_CXX_LIBRARY = "libc++";
				CLANG_ENABLE_OBJC_ARC = YES;
				CLANG_WARN_CONSTANT_CONVERSION = YES;
				CLANG_WARN_EMPTY_BODY = YES;
				CLANG_WARN_ENUM_CONVERSION = YES;
				CLANG_WARN_INT_CONVERSION = YES;
				CLANG_WARN__DUPLICATE_METHOD_MATCH = YES;
				"CODE_SIGN_IDENTITY[sdk=iphoneos*]" = "iPhone Developer";
				COPY_PHASE_STRIP = YES;
				GCC_C_LANGUAGE_STANDARD = gnu99;
				GCC_WARN_ABOUT_RETURN_TYPE = YES;
				GCC_WARN_UNINITIALIZED_AUTOS = YES;
				GCC_WARN_UNUSED_VARIABLE = YES;
				IPHONEOS_DEPLOYMENT_TARGET = 6.0;
				OTHER_CFLAGS = "-DNS_BLOCK_ASSERTIONS=1";
				SDKROOT = iphoneos;
				TARGETED_DEVICE_FAMILY = "1,2";
				VALIDATE_PRODUCT = YES;
				WARNING_CFLAGS = "-Weverything";
			};
			name = Release;
		};
		2157FB211794D2E00004E3BE /* Debug */ = {
			isa = XCBuildConfiguration;
			buildSettings = {
				GCC_PRECOMPILE_PREFIX_HEADER = YES;
				GCC_PREFIX_HEADER = "Example/Other Sources/SAMRateLimit-Prefix.pch";
				INFOPLIST_FILE = "Example/Resources/SAMRateLimit-Info.plist";
				PRODUCT_NAME = "$(TARGET_NAME)";
				WRAPPER_EXTENSION = app;
			};
			name = Debug;
		};
		2157FB221794D2E00004E3BE /* Release */ = {
			isa = XCBuildConfiguration;
			buildSettings = {
				GCC_PRECOMPILE_PREFIX_HEADER = YES;
				GCC_PREFIX_HEADER = "Example/Other Sources/SAMRateLimit-Prefix.pch";
				INFOPLIST_FILE = "Example/Resources/SAMRateLimit-Info.plist";
				PRODUCT_NAME = "$(TARGET_NAME)";
				WRAPPER_EXTENSION = app;
			};
			name = Release;
		};
		2157FB241794D2E00004E3BE /* Debug */ = {
			isa = XCBuildConfiguration;
			buildSettings = {
				BUNDLE_LOADER = "$(BUILT_PRODUCTS_DIR)/SAMRateLimit.app/SAMRateLimit";
				FRAMEWORK_SEARCH_PATHS = (
					"\"$(SDKROOT)/Developer/Library/Frameworks\"",
					"\"$(DEVELOPER_LIBRARY_DIR)/Frameworks\"",
				);
				INFOPLIST_FILE = "Tests/SAMRateLimitTests-Info.plist";
				PRODUCT_NAME = "$(TARGET_NAME)";
				TEST_HOST = "$(BUNDLE_LOADER)";
				WRAPPER_EXTENSION = octest;
			};
			name = Debug;
		};
		2157FB251794D2E00004E3BE /* Release */ = {
			isa = XCBuildConfiguration;
			buildSettings = {
				BUNDLE_LOADER = "$(BUILT_PRODUCTS_DIR)/SAMRateLimit.app/SAMRateLimit";
				FRAMEWORK_SEARCH_PATHS = (
					"\"$(SDKROOT)/Developer/Library/Frameworks\"",
					"\"$(DEVELOPER_LIBRARY_DIR)/Frameworks\"",
				);
				INFOPLIST_FILE = "Tests/SAMRateLimitTests-Info.plist";
				PRODUCT_NAME = "$(TARGET_NAME)";
				TEST_HOST = "$(BUNDLE_LOADER)";
				WRAPPER_EXTENSION = octest;
			};
			name = Release;
		};
/* End XCBuildConfiguration section */

/* Begin XCConfigurationList section */
		2157FAE91794D2DF0004E3BE /* Build configuration list for PBXProject "SAMRateLimit" */ = {
			isa = XCConfigurationList;
			buildConfigurations = (
				2157FB1E1794D2E00004E3BE /* Debug */,
				2157FB1F1794D2E00004E3BE /* Release */,
			);
			defaultConfigurationIsVisible = 0;
			defaultConfigurationName = Release;
		};
		2157FB201794D2E00004E3BE /* Build configuration list for PBXNativeTarget "SAMRateLimit" */ = {
			isa = XCConfigurationList;
			buildConfigurations = (
				2157FB211794D2E00004E3BE /* Debug */,
				2157FB221794D2E00004E3BE /* Release */,
			);
			defaultConfigurationIsVisible = 0;
			defaultConfigurationName = Release;
		};
		2157FB231794D2E00004E3BE /* Build configuration list for PBXNativeTarget "SAMRateLimitTests" */ = {
			isa = XCConfigurationList;
			buildConfigurations = (
				2157FB241794D2E00004E3BE /* Debug */,
				2157FB251794D2E00004E3BE /* Release */,
			);
			defaultConfigurationIsVisible = 0;
			defaultConfigurationName = Release;
		};
/* End XCConfigurationList section */
	};
	rootObject = 2157FAE61794D2DF0004E3BE /* Project object */;
}
